
Microsoft Visual Studio Solution File, Format Version 12.00
# Visual Studio Version 17
VisualStudioVersion = 17.10.35013.160
MinimumVisualStudioVersion = 10.0.40219.1
Project("{9A19103F-16F7-4668-BE54-9A1E7A4F7556}") = "Webchat.Server", "Webchat.Server\Webchat.Server.csproj", "{643A84D5-0BD2-48A0-900B-C7250BAAD601}"
EndProject
Project("{54A90642-561A-4BB1-A94E-469ADEE60C69}") = "webchat.web", "Webchat.Web\webchat.web.esproj", "{260FC052-9938-4BCC-BCA4-987F30633B20}"
EndProject
Global
	GlobalSection(SolutionConfigurationPlatforms) = preSolution
		Debug|Any CPU = Debug|Any CPU
		Release|Any CPU = Release|Any CPU
	EndGlobalSection
	GlobalSection(ProjectConfigurationPlatforms) = postSolution
		{643A84D5-0BD2-48A0-900B-C7250BAAD601}.Debug|Any CPU.ActiveCfg = Debug|Any CPU
		{643A84D5-0BD2-48A0-900B-C7250BAAD601}.Debug|Any CPU.Build.0 = Debug|Any CPU
		{643A84D5-0BD2-48A0-900B-C7250BAAD601}.Release|Any CPU.ActiveCfg = Release|Any CPU
		{643A84D5-0BD2-48A0-900B-C7250BAAD601}.Release|Any CPU.Build.0 = Release|Any CPU
		{260FC052-9938-4BCC-BCA4-987F30633B20}.Debug|Any CPU.ActiveCfg = Debug|Any CPU
		{260FC052-9938-4BCC-BCA4-987F30633B20}.Debug|Any CPU.Build.0 = Debug|Any CPU
		{260FC052-9938-4BCC-BCA4-987F30633B20}.Debug|Any CPU.Deploy.0 = Debug|Any CPU
		{260FC052-9938-4BCC-BCA4-987F30633B20}.Release|Any CPU.ActiveCfg = Release|Any CPU
		{260FC052-9938-4BCC-BCA4-987F30633B20}.Release|Any CPU.Build.0 = Release|Any CPU
		{260FC052-9938-4BCC-BCA4-987F30633B20}.Release|Any CPU.Deploy.0 = Release|Any CPU
	EndGlobalSection
	GlobalSection(SolutionProperties) = preSolution
		HideSolutionNode = FALSE
	EndGlobalSection
	GlobalSection(ExtensibilityGlobals) = postSolution
		SolutionGuid = {6D016068-3560-48BF-980F-36ABCA8AD690}
	EndGlobalSection
EndGlobal
